
Microsoft Visual Studio Solution File, Format Version 12.00
# Visual Studio Version 17
VisualStudioVersion = 17.3.32804.467
MinimumVisualStudioVersion = 10.0.40219.1
Project("{FAE04EC0-301F-11D3-BF4B-00C04F79EFBC}") = "EB-P3_LoginSystems", "EB-P3_LoginSystems.csproj", "{0727CBA0-7B3A-45A8-92CA-834A31DB2009}"
EndProject
Global
	GlobalSection(SolutionConfigurationPlatforms) = preSolution
		Debug|Any CPU = Debug|Any CPU
		Release|Any CPU = Release|Any CPU
	EndGlobalSection
	GlobalSection(ProjectConfigurationPlatforms) = postSolution
		{0727CBA0-7B3A-45A8-92CA-834A31DB2009}.Debug|Any CPU.ActiveCfg = Debug|Any CPU
		{0727CBA0-7B3A-45A8-92CA-834A31DB2009}.Debug|Any CPU.Build.0 = Debug|Any CPU
		{0727CBA0-7B3A-45A8-92CA-834A31DB2009}.Release|Any CPU.ActiveCfg = Release|Any CPU
		{0727CBA0-7B3A-45A8-92CA-834A31DB2009}.Release|Any CPU.Build.0 = Release|Any CPU
	EndGlobalSection
	GlobalSection(SolutionProperties) = preSolution
		HideSolutionNode = FALSE
	EndGlobalSection
	GlobalSection(ExtensibilityGlobals) = postSolution
		SolutionGuid = {B760916A-FDFA-4F86-B299-6BA55C5A8F8D}
	EndGlobalSection
EndGlobal
